<Solution>
  <Folder Name="/Application/Core/">
    <Project Path="FoodDiary.Application.Abstractions/FoodDiary.Application.Abstractions.csproj" />
    <Project Path="FoodDiary.Application.Runtime/FoodDiary.Application.Runtime.csproj" />
  </Folder>
  <Folder Name="/Application/Food and Diary/">
    <Project Path="FoodDiary.Application.Meals/FoodDiary.Application.Meals.csproj" />
    <Project Path="FoodDiary.Application.Products/FoodDiary.Application.Products.csproj" />
    <Project Path="FoodDiary.Application.Recipes/FoodDiary.Application.Recipes.csproj" />
  </Folder>
  <Folder Name="/Application/Users and Access/">
    <Project Path="FoodDiary.Application.Identity/FoodDiary.Application.Identity.csproj" />
    <Project Path="FoodDiary.Application.Users/FoodDiary.Application.Users.csproj" />
  </Folder>
  <Folder Name="/Application/" />
  <Folder Name="/Application/Content and Engagement/">
    <Project Path="FoodDiary.Application.Admin/FoodDiary.Application.Admin.csproj" />
    <Project Path="FoodDiary.Application.Ai/FoodDiary.Application.Ai.csproj" />
    <Project Path="FoodDiary.Application.Dashboard/FoodDiary.Application.Dashboard.csproj" />
  </Folder>
  <Folder Name="/Modules/" />
  <Folder Name="/Modules/Exercises/">
    <Project Path="Modules/Exercises/Application/Abstractions/FoodDiary.Modules.Exercises.Application.Abstractions.csproj" />
    <Project Path="Modules/Exercises/Application/FoodDiary.Application.Exercises.csproj" />
    <Project Path="Modules/Exercises/Contracts/FoodDiary.Modules.Exercises.Contracts.csproj" />
    <Project Path="Modules/Exercises/Domain/FoodDiary.Modules.Exercises.Domain.csproj" />
    <Project Path="Modules/Exercises/Infrastructure/FoodDiary.Modules.Exercises.Infrastructure.csproj" />
    <Project Path="Modules/Exercises/Infrastructure/Model/FoodDiary.Modules.Exercises.PersistenceModel.csproj" />
  </Folder>
  <Folder Name="/Modules/Exercises/tests/">
    <Project Path="Modules/Exercises/tests/FoodDiary.Modules.Exercises.Application.Tests/FoodDiary.Modules.Exercises.Application.Tests.csproj" />
    <Project Path="Modules/Exercises/tests/FoodDiary.Modules.Exercises.Domain.Tests/FoodDiary.Modules.Exercises.Domain.Tests.csproj" />
  </Folder>

  <Folder Name="/Modules/BodyMetrics/">
    <Project Path="Modules/BodyMetrics/Application/Abstractions/FoodDiary.Modules.BodyMetrics.Application.Abstractions.csproj" />
    <Project Path="Modules/BodyMetrics/Application/FoodDiary.Application.BodyMetrics.csproj" />
    <Project Path="Modules/BodyMetrics/Infrastructure/FoodDiary.Modules.BodyMetrics.Infrastructure.csproj" />
    <Project Path="Modules/BodyMetrics/Infrastructure/Model/FoodDiary.Modules.BodyMetrics.PersistenceModel.csproj" />
    <Project Path="Modules/BodyMetrics/tests/FoodDiary.Modules.BodyMetrics.Application.Tests/FoodDiary.Modules.BodyMetrics.Application.Tests.csproj" />
  </Folder>
  <Folder Name="/Modules/Export/">
    <Project Path="Modules/Export/Application/Abstractions/FoodDiary.Modules.Export.Application.Abstractions.csproj" />
    <Project Path="Modules/Export/Application/FoodDiary.Modules.Export.Application.csproj" />
    <Project Path="Modules/Export/tests/FoodDiary.Modules.Export.Application.Tests/FoodDiary.Modules.Export.Application.Tests.csproj" />
  </Folder>
  <Folder Name="/Modules/Statistics/">
    <Project Path="Modules/Statistics/Application/FoodDiary.Modules.Statistics.Application.csproj" />
    <Project Path="Modules/Statistics/tests/FoodDiary.Modules.Statistics.Application.Tests/FoodDiary.Modules.Statistics.Application.Tests.csproj" />
  </Folder>
  <Folder Name="/Modules/Billing/">
    <Project Path="Modules/Billing/Application/Abstractions/FoodDiary.Modules.Billing.Application.Abstractions.csproj" />
    <Project Path="Modules/Billing/Application/FoodDiary.Application.Billing.csproj" />
    <Project Path="Modules/Billing/Domain/FoodDiary.Modules.Billing.Domain.csproj" />
    <Project Path="Modules/Billing/Infrastructure/FoodDiary.Modules.Billing.Infrastructure.csproj" />
    <Project Path="Modules/Billing/Infrastructure/Model/FoodDiary.Modules.Billing.PersistenceModel.csproj" />
    <Project Path="Modules/Billing/tests/FoodDiary.Modules.Billing.Application.Tests/FoodDiary.Modules.Billing.Application.Tests.csproj" />
    <Project Path="Modules/Billing/tests/FoodDiary.Modules.Billing.Domain.Tests/FoodDiary.Modules.Billing.Domain.Tests.csproj" />
    <Project Path="Modules/Billing/tests/FoodDiary.Modules.Billing.Infrastructure.Tests/FoodDiary.Modules.Billing.Infrastructure.Tests.csproj" />
  </Folder>
  <Folder Name="/Modules/Notifications/">
    <Project Path="Modules/Notifications/Application/Abstractions/FoodDiary.Modules.Notifications.Application.Abstractions.csproj" />
    <Project Path="Modules/Notifications/Application/FoodDiary.Application.Notifications.csproj" />
    <Project Path="Modules/Notifications/Domain/FoodDiary.Modules.Notifications.Domain.csproj" />
    <Project Path="Modules/Notifications/Infrastructure/FoodDiary.Modules.Notifications.Infrastructure.csproj" />
    <Project Path="Modules/Notifications/Infrastructure/Model/FoodDiary.Modules.Notifications.PersistenceModel.csproj" />
  </Folder>
  <Folder Name="/Modules/Notifications/tests/">
    <Project Path="Modules/Notifications/tests/FoodDiary.Modules.Notifications.Application.Tests/FoodDiary.Modules.Notifications.Application.Tests.csproj" />
    <Project Path="Modules/Notifications/tests/FoodDiary.Modules.Notifications.Domain.Tests/FoodDiary.Modules.Notifications.Domain.Tests.csproj" />
    <Project Path="Modules/Notifications/tests/FoodDiary.Modules.Notifications.Infrastructure.Tests/FoodDiary.Modules.Notifications.Infrastructure.Tests.csproj" />
  </Folder>
  <Folder Name="/Modules/OpenFoodFacts/">
    <Project Path="Modules/OpenFoodFacts/Application/Abstractions/FoodDiary.Modules.OpenFoodFacts.Application.Abstractions.csproj" />
    <Project Path="Modules/OpenFoodFacts/Application/FoodDiary.Modules.OpenFoodFacts.Application.csproj" />
    <Project Path="Modules/OpenFoodFacts/Contracts/FoodDiary.Modules.OpenFoodFacts.Contracts.csproj" />
    <Project Path="Modules/OpenFoodFacts/Domain/FoodDiary.Modules.OpenFoodFacts.Domain.csproj" />
    <Project Path="Modules/OpenFoodFacts/Infrastructure/FoodDiary.Modules.OpenFoodFacts.Infrastructure.csproj" />
    <Project Path="Modules/OpenFoodFacts/Infrastructure/Model/FoodDiary.Modules.OpenFoodFacts.PersistenceModel.csproj" />
    <Project Path="Modules/OpenFoodFacts/tests/FoodDiary.Modules.OpenFoodFacts.Application.Tests/FoodDiary.Modules.OpenFoodFacts.Application.Tests.csproj" />
    <Project Path="Modules/OpenFoodFacts/tests/FoodDiary.Modules.OpenFoodFacts.Domain.Tests/FoodDiary.Modules.OpenFoodFacts.Domain.Tests.csproj" />
    <Project Path="Modules/OpenFoodFacts/tests/FoodDiary.Modules.OpenFoodFacts.Infrastructure.Tests/FoodDiary.Modules.OpenFoodFacts.Infrastructure.Tests.csproj" />
  </Folder>
  <Folder Name="/Modules/Marketing/">
    <Project Path="Modules/Marketing/Application/Abstractions/FoodDiary.Modules.Marketing.Application.Abstractions.csproj" />
    <Project Path="Modules/Marketing/Application/FoodDiary.Application.Marketing.csproj" />
    <Project Path="Modules/Marketing/Domain/FoodDiary.Modules.Marketing.Domain.csproj" />
    <Project Path="Modules/Marketing/Infrastructure/FoodDiary.Modules.Marketing.Infrastructure.csproj" />
    <Project Path="Modules/Marketing/Infrastructure/Model/FoodDiary.Modules.Marketing.PersistenceModel.csproj" />
    <Project Path="Modules/Marketing/tests/FoodDiary.Modules.Marketing.Application.Tests/FoodDiary.Modules.Marketing.Application.Tests.csproj" />
    <Project Path="Modules/Marketing/tests/FoodDiary.Modules.Marketing.Domain.Tests/FoodDiary.Modules.Marketing.Domain.Tests.csproj" />
    <Project Path="Modules/Marketing/tests/FoodDiary.Modules.Marketing.Infrastructure.IntegrationTests/FoodDiary.Modules.Marketing.Infrastructure.IntegrationTests.csproj" />
  </Folder>
  <Folder Name="/Modules/Cycles/">
    <Project Path="Modules/Cycles/Application/Abstractions/FoodDiary.Modules.Cycles.Application.Abstractions.csproj" />
    <Project Path="Modules/Cycles/Application/FoodDiary.Application.Cycles.csproj" />
    <Project Path="Modules/Cycles/Domain/FoodDiary.Modules.Cycles.Domain.csproj" />
    <Project Path="Modules/Cycles/Infrastructure/FoodDiary.Modules.Cycles.Infrastructure.csproj" />
    <Project Path="Modules/Cycles/Infrastructure/Model/FoodDiary.Modules.Cycles.PersistenceModel.csproj" />
    <Project Path="Modules/Cycles/tests/FoodDiary.Modules.Cycles.Application.Tests/FoodDiary.Modules.Cycles.Application.Tests.csproj" />
    <Project Path="Modules/Cycles/tests/FoodDiary.Modules.Cycles.Domain.Tests/FoodDiary.Modules.Cycles.Domain.Tests.csproj" />
    <Project Path="Modules/Cycles/tests/FoodDiary.Modules.Cycles.Infrastructure.Tests/FoodDiary.Modules.Cycles.Infrastructure.Tests.csproj" />
    <Project Path="Modules/Cycles/tests/FoodDiary.Modules.Cycles.Infrastructure.IntegrationTests/FoodDiary.Modules.Cycles.Infrastructure.IntegrationTests.csproj" />
  </Folder>
  <Folder Name="/Modules/ContentReports/">
    <Project Path="Modules/ContentReports/Application/Abstractions/FoodDiary.Modules.ContentReports.Application.Abstractions.csproj" />
    <Project Path="Modules/ContentReports/Application/FoodDiary.Modules.ContentReports.Application.csproj" />
    <Project Path="Modules/ContentReports/Contracts/FoodDiary.Modules.ContentReports.Contracts.csproj" />
    <Project Path="Modules/ContentReports/Domain/FoodDiary.Modules.ContentReports.Domain.csproj" />
    <Project Path="Modules/ContentReports/Infrastructure/FoodDiary.Modules.ContentReports.Infrastructure.csproj" />
    <Project Path="Modules/ContentReports/Infrastructure/Model/FoodDiary.Modules.ContentReports.PersistenceModel.csproj" />
    <Project Path="Modules/ContentReports/tests/FoodDiary.Modules.ContentReports.Application.Tests/FoodDiary.Modules.ContentReports.Application.Tests.csproj" />
    <Project Path="Modules/ContentReports/tests/FoodDiary.Modules.ContentReports.Domain.Tests/FoodDiary.Modules.ContentReports.Domain.Tests.csproj" />
    <Project Path="Modules/ContentReports/tests/FoodDiary.Modules.ContentReports.Infrastructure.Tests/FoodDiary.Modules.ContentReports.Infrastructure.Tests.csproj" />
  </Folder>
  <Folder Name="/Modules/Images/">
    <Project Path="Modules/Images/Application/FoodDiary.Application.Images.csproj" />
    <Project Path="Modules/Images/Application/Abstractions/FoodDiary.Modules.Images.Application.Abstractions.csproj" />
    <Project Path="Modules/Images/Infrastructure/FoodDiary.Modules.Images.Infrastructure.csproj" />
    <Project Path="Modules/Images/Infrastructure/Model/FoodDiary.Modules.Images.PersistenceModel.csproj" />
    <Project Path="Modules/Images/tests/FoodDiary.Modules.Images.Application.Tests/FoodDiary.Modules.Images.Application.Tests.csproj" />
  </Folder>
  <Folder Name="/Modules/DailyAdvices/">
    <Project Path="Modules/DailyAdvices/Application/FoodDiary.Modules.DailyAdvices.Application.csproj" />
    <Project Path="Modules/DailyAdvices/Application/Abstractions/FoodDiary.Modules.DailyAdvices.Application.Abstractions.csproj" />
    <Project Path="Modules/DailyAdvices/Domain/FoodDiary.Modules.DailyAdvices.Domain.csproj" />
    <Project Path="Modules/DailyAdvices/Infrastructure/FoodDiary.Modules.DailyAdvices.Infrastructure.csproj" />
    <Project Path="Modules/DailyAdvices/Infrastructure/Model/FoodDiary.Modules.DailyAdvices.PersistenceModel.csproj" />
    <Project Path="Modules/DailyAdvices/tests/FoodDiary.Modules.DailyAdvices.Application.Tests/FoodDiary.Modules.DailyAdvices.Application.Tests.csproj" />
    <Project Path="Modules/DailyAdvices/tests/FoodDiary.Modules.DailyAdvices.Domain.Tests/FoodDiary.Modules.DailyAdvices.Domain.Tests.csproj" />
    <Project Path="Modules/DailyAdvices/tests/FoodDiary.Modules.DailyAdvices.Infrastructure.Tests/FoodDiary.Modules.DailyAdvices.Infrastructure.Tests.csproj" />
  </Folder>
  <Folder Name="/Modules/Favorites/">
    <Project Path="Modules/Favorites/Application/FoodDiary.Application.Favorites.csproj" />
    <Project Path="Modules/Favorites/Domain/FoodDiary.Modules.Favorites.Domain.csproj" />
    <Project Path="Modules/Favorites/Infrastructure/FoodDiary.Modules.Favorites.Infrastructure.csproj" />
    <Project Path="Modules/Favorites/Infrastructure/Model/FoodDiary.Modules.Favorites.PersistenceModel.csproj" />
    <Project Path="Modules/Favorites/tests/FoodDiary.Modules.Favorites.Application.Tests/FoodDiary.Modules.Favorites.Application.Tests.csproj" />
    <Project Path="Modules/Favorites/tests/FoodDiary.Modules.Favorites.Domain.Tests/FoodDiary.Modules.Favorites.Domain.Tests.csproj" />
  </Folder>
  <Folder Name="/Modules/Dietologist/">
    <Project Path="Modules/Dietologist/Application/FoodDiary.Modules.Dietologist.Application.csproj" />
    <Project Path="Modules/Dietologist/Application/Abstractions/FoodDiary.Modules.Dietologist.Application.Abstractions.csproj" />
    <Project Path="Modules/Dietologist/Domain/FoodDiary.Modules.Dietologist.Domain.csproj" />
    <Project Path="Modules/Dietologist/Infrastructure/FoodDiary.Modules.Dietologist.Infrastructure.csproj" />
    <Project Path="Modules/Dietologist/Infrastructure/Model/FoodDiary.Modules.Dietologist.PersistenceModel.csproj" />
    <Project Path="Modules/Dietologist/tests/FoodDiary.Modules.Dietologist.Application.Tests/FoodDiary.Modules.Dietologist.Application.Tests.csproj" />
    <Project Path="Modules/Dietologist/tests/FoodDiary.Modules.Dietologist.Domain.Tests/FoodDiary.Modules.Dietologist.Domain.Tests.csproj" />
    <Project Path="Modules/Dietologist/tests/FoodDiary.Modules.Dietologist.Infrastructure.Tests/FoodDiary.Modules.Dietologist.Infrastructure.Tests.csproj" />
  </Folder>
  <Folder Name="/Modules/Fasting/">
    <Project Path="Modules/Fasting/Application/FoodDiary.Modules.Fasting.Application.csproj" />
    <Project Path="Modules/Fasting/Application/Abstractions/FoodDiary.Modules.Fasting.Application.Abstractions.csproj" />
    <Project Path="Modules/Fasting/Contracts/FoodDiary.Modules.Fasting.Contracts.csproj" />
    <Project Path="Modules/Fasting/Domain/FoodDiary.Modules.Fasting.Domain.csproj" />
    <Project Path="Modules/Fasting/Infrastructure/FoodDiary.Modules.Fasting.Infrastructure.csproj" />
    <Project Path="Modules/Fasting/Infrastructure/Model/FoodDiary.Modules.Fasting.PersistenceModel.csproj" />
    <Project Path="Modules/Fasting/tests/FoodDiary.Modules.Fasting.Application.Tests/FoodDiary.Modules.Fasting.Application.Tests.csproj" />
    <Project Path="Modules/Fasting/tests/FoodDiary.Modules.Fasting.Domain.Tests/FoodDiary.Modules.Fasting.Domain.Tests.csproj" />
    <Project Path="Modules/Fasting/tests/FoodDiary.Modules.Fasting.Infrastructure.Tests/FoodDiary.Modules.Fasting.Infrastructure.Tests.csproj" />
  </Folder>
  <Folder Name="/Modules/Gamification/">
    <Project Path="Modules/Gamification/Application/Abstractions/FoodDiary.Modules.Gamification.Application.Abstractions.csproj" />
    <Project Path="Modules/Gamification/Application/FoodDiary.Modules.Gamification.Application.csproj" />
    <Project Path="Modules/Gamification/Domain/FoodDiary.Modules.Gamification.Domain.csproj" />
    <Project Path="Modules/Gamification/Infrastructure/FoodDiary.Modules.Gamification.Infrastructure.csproj" />
    <Project Path="Modules/Gamification/Infrastructure/Model/FoodDiary.Modules.Gamification.PersistenceModel.csproj" />
  </Folder>
  <Folder Name="/Modules/Gamification/tests/">
    <Project Path="Modules/Gamification/tests/FoodDiary.Modules.Gamification.Application.Tests/FoodDiary.Modules.Gamification.Application.Tests.csproj" />
    <Project Path="Modules/Gamification/tests/FoodDiary.Modules.Gamification.Domain.Tests/FoodDiary.Modules.Gamification.Domain.Tests.csproj" />
    <Project Path="Modules/Gamification/tests/FoodDiary.Modules.Gamification.Infrastructure.Tests/FoodDiary.Modules.Gamification.Infrastructure.Tests.csproj" />
  </Folder>
  <Folder Name="/Modules/Hydration/">
    <Project Path="Modules/Hydration/Application/FoodDiary.Modules.Hydration.Application.csproj" />
    <Project Path="Modules/Hydration/Application/Abstractions/FoodDiary.Modules.Hydration.Application.Abstractions.csproj" />
    <Project Path="Modules/Hydration/Contracts/FoodDiary.Modules.Hydration.Contracts.csproj" />
    <Project Path="Modules/Hydration/Infrastructure/FoodDiary.Modules.Hydration.Infrastructure.csproj" />
    <Project Path="Modules/Hydration/Infrastructure/Model/FoodDiary.Modules.Hydration.PersistenceModel.csproj" />
    <Project Path="Modules/Hydration/tests/FoodDiary.Modules.Hydration.Application.Tests/FoodDiary.Modules.Hydration.Application.Tests.csproj" />
    <Project Path="Modules/Hydration/tests/FoodDiary.Modules.Hydration.Infrastructure.Tests/FoodDiary.Modules.Hydration.Infrastructure.Tests.csproj" />
  </Folder>
  <Folder Name="/Modules/Lessons/">
    <Project Path="Modules/Lessons/Application/FoodDiary.Modules.Lessons.Application.csproj" />
    <Project Path="Modules/Lessons/Application/Abstractions/FoodDiary.Modules.Lessons.Application.Abstractions.csproj" />
    <Project Path="Modules/Lessons/Contracts/FoodDiary.Modules.Lessons.Contracts.csproj" />
    <Project Path="Modules/Lessons/Domain/FoodDiary.Modules.Lessons.Domain.csproj" />
    <Project Path="Modules/Lessons/Infrastructure/FoodDiary.Modules.Lessons.Infrastructure.csproj" />
    <Project Path="Modules/Lessons/Infrastructure/Model/FoodDiary.Modules.Lessons.PersistenceModel.csproj" />
    <Project Path="Modules/Lessons/tests/FoodDiary.Modules.Lessons.Application.Tests/FoodDiary.Modules.Lessons.Application.Tests.csproj" />
    <Project Path="Modules/Lessons/tests/FoodDiary.Modules.Lessons.Domain.Tests/FoodDiary.Modules.Lessons.Domain.Tests.csproj" />
    <Project Path="Modules/Lessons/tests/FoodDiary.Modules.Lessons.Infrastructure.Tests/FoodDiary.Modules.Lessons.Infrastructure.Tests.csproj" />
  </Folder>
  <Folder Name="/Modules/Tdee/">
    <Project Path="Modules/Tdee/Application/FoodDiary.Modules.Tdee.Application.csproj" />
    <Project Path="Modules/Tdee/tests/FoodDiary.Modules.Tdee.Application.Tests/FoodDiary.Modules.Tdee.Application.Tests.csproj" />
  </Folder>
  <Folder Name="/Modules/WeeklyGoals/">
    <Project Path="Modules/WeeklyGoals/Application/FoodDiary.Modules.WeeklyGoals.Application.csproj" />
    <Project Path="Modules/WeeklyGoals/Application/Abstractions/FoodDiary.Modules.WeeklyGoals.Application.Abstractions.csproj" />
    <Project Path="Modules/WeeklyGoals/Contracts/FoodDiary.Modules.WeeklyGoals.Contracts.csproj" />
    <Project Path="Modules/WeeklyGoals/Domain/FoodDiary.Modules.WeeklyGoals.Domain.csproj" />
    <Project Path="Modules/WeeklyGoals/Infrastructure/FoodDiary.Modules.WeeklyGoals.Infrastructure.csproj" />
    <Project Path="Modules/WeeklyGoals/Infrastructure/Model/FoodDiary.Modules.WeeklyGoals.PersistenceModel.csproj" />
    <Project Path="Modules/WeeklyGoals/tests/FoodDiary.Modules.WeeklyGoals.Application.Tests/FoodDiary.Modules.WeeklyGoals.Application.Tests.csproj" />
    <Project Path="Modules/WeeklyGoals/tests/FoodDiary.Modules.WeeklyGoals.Domain.Tests/FoodDiary.Modules.WeeklyGoals.Domain.Tests.csproj" />
    <Project Path="Modules/WeeklyGoals/tests/FoodDiary.Modules.WeeklyGoals.Infrastructure.Tests/FoodDiary.Modules.WeeklyGoals.Infrastructure.Tests.csproj" />
  </Folder>
  <Folder Name="/Modules/Usda/">
    <Project Path="Modules/Usda/Application/FoodDiary.Application.Usda.csproj" />
    <Project Path="Modules/Usda/Application/Abstractions/FoodDiary.Modules.Usda.Application.Abstractions.csproj" />
    <Project Path="Modules/Usda/Contracts/FoodDiary.Modules.Usda.Contracts.csproj" />
    <Project Path="Modules/Usda/Infrastructure/FoodDiary.Modules.Usda.Infrastructure.csproj" />
    <Project Path="Modules/Usda/Infrastructure/Model/FoodDiary.Modules.Usda.PersistenceModel.csproj" />
    <Project Path="Modules/Usda/tests/FoodDiary.Modules.Usda.Application.Tests/FoodDiary.Modules.Usda.Application.Tests.csproj" />
  </Folder>
  <Folder Name="/Modules/Wearables/">
    <Project Path="Modules/Wearables/Infrastructure/FoodDiary.Modules.Wearables.Infrastructure.csproj" />
  </Folder>
  <Folder Name="/Modules/Wearables/Application/">
    <Project Path="Modules/Wearables/Application/Abstractions/FoodDiary.Modules.Wearables.Application.Abstractions.csproj" />
    <Project Path="Modules/Wearables/Application/FoodDiary.Application.Wearables.csproj" />
    <Project Path="Modules/Wearables/Domain/FoodDiary.Modules.Wearables.Domain.csproj" />
  </Folder>
  <Folder Name="/Modules/Wearables/Infrastructure/">
    <Project Path="Modules/Wearables/Infrastructure/Model/FoodDiary.Modules.Wearables.PersistenceModel.csproj" />
  </Folder>
  <Folder Name="/Modules/Wearables/tests/">
    <Project Path="Modules/Wearables/tests/FoodDiary.Modules.Wearables.Application.Tests/FoodDiary.Modules.Wearables.Application.Tests.csproj" />
    <Project Path="Modules/Wearables/tests/FoodDiary.Modules.Wearables.Domain.Tests/FoodDiary.Modules.Wearables.Domain.Tests.csproj" />
    <Project Path="Modules/Wearables/tests/FoodDiary.Modules.Wearables.Infrastructure.IntegrationTests/FoodDiary.Modules.Wearables.Infrastructure.IntegrationTests.csproj" />
    <Project Path="Modules/Wearables/tests/FoodDiary.Modules.Wearables.Infrastructure.Tests/FoodDiary.Modules.Wearables.Infrastructure.Tests.csproj" />
  </Folder>
  <Folder Name="/Modules/WeeklyCheckIn/">
    <Project Path="Modules/WeeklyCheckIn/Application/FoodDiary.Modules.WeeklyCheckIn.Application.csproj" />
    <Project Path="Modules/WeeklyCheckIn/tests/FoodDiary.Modules.WeeklyCheckIn.Application.Tests/FoodDiary.Modules.WeeklyCheckIn.Application.Tests.csproj" />
  </Folder>
  <Folder Name="/Platform/">
    <Project Path="FoodDiary.Domain/FoodDiary.Domain.csproj" />
    <Project Path="FoodDiary.Infrastructure/FoodDiary.Infrastructure.csproj" />
    <Project Path="FoodDiary.Integrations/FoodDiary.Integrations.csproj" />
    <Project Path="FoodDiary.Presentation.Api/FoodDiary.Presentation.Api.csproj" />
    <Project Path="FoodDiary.Resources/FoodDiary.Resources.csproj" />
  </Folder>
  <Folder Name="/Hosts/">
    <Project Path="FoodDiary.Initializer/FoodDiary.Initializer.csproj" />
    <Project Path="FoodDiary.JobManager/FoodDiary.JobManager.csproj" />
    <Project Path="FoodDiary.Telegram.Bot/FoodDiary.Telegram.Bot.csproj" />
    <Project Path="FoodDiary.Web.Api/FoodDiary.Web.Api.csproj" />
  </Folder>
  <Folder Name="/Services/" />
  <Folder Name="/Services/MailInbox/">
    <Project Path="MailInbox/FoodDiary.MailInbox.Application/FoodDiary.MailInbox.Application.csproj" />
    <Project Path="MailInbox/FoodDiary.MailInbox.Client/FoodDiary.MailInbox.Client.csproj" />
    <Project Path="MailInbox/FoodDiary.MailInbox.Domain/FoodDiary.MailInbox.Domain.csproj" />
    <Project Path="MailInbox/FoodDiary.MailInbox.Infrastructure/FoodDiary.MailInbox.Infrastructure.csproj" />
    <Project Path="MailInbox/FoodDiary.MailInbox.Initializer/FoodDiary.MailInbox.Initializer.csproj" />
    <Project Path="MailInbox/FoodDiary.MailInbox.Presentation/FoodDiary.MailInbox.Presentation.csproj" />
    <Project Path="MailInbox/FoodDiary.MailInbox.WebApi/FoodDiary.MailInbox.WebApi.csproj" />
  </Folder>
  <Folder Name="/Services/MailRelay/">
    <Project Path="MailRelay/FoodDiary.MailRelay.Application/FoodDiary.MailRelay.Application.csproj" />
    <Project Path="MailRelay/FoodDiary.MailRelay.Client/FoodDiary.MailRelay.Client.csproj" />
    <Project Path="MailRelay/FoodDiary.MailRelay.Domain/FoodDiary.MailRelay.Domain.csproj" />
    <Project Path="MailRelay/FoodDiary.MailRelay.Infrastructure/FoodDiary.MailRelay.Infrastructure.csproj" />
    <Project Path="MailRelay/FoodDiary.MailRelay.Initializer/FoodDiary.MailRelay.Initializer.csproj" />
    <Project Path="MailRelay/FoodDiary.MailRelay.Presentation/FoodDiary.MailRelay.Presentation.csproj" />
    <Project Path="MailRelay/FoodDiary.MailRelay.WebApi/FoodDiary.MailRelay.WebApi.csproj" />
  </Folder>
  <Folder Name="/Shared/">
    <Project Path="Shared/FoodDiary.Domain.Primitives/FoodDiary.Domain.Primitives.csproj" />
    <Project Path="Shared/FoodDiary.Mediator/FoodDiary.Mediator.csproj" />
    <Project Path="Shared/FoodDiary.Outbox.Abstractions/FoodDiary.Outbox.Abstractions.csproj" />
    <Project Path="Shared/FoodDiary.Results/FoodDiary.Results.csproj" />
  </Folder>
  <Folder Name="/Tooling/">
    <Project Path="FoodDiary.Analyzers/FoodDiary.Analyzers.csproj" />
    <Project Path="FoodDiary.Development.Mcp/FoodDiary.Development.Mcp.csproj" />
  </Folder>
  <Folder Name="/Tests/" />
  <Folder Name="/Tests/Core/">
    <Project Path="tests/FoodDiary.Analyzers.Tests/FoodDiary.Analyzers.Tests.csproj" />
    <Project Path="tests/FoodDiary.Application.Tests/FoodDiary.Application.Tests.csproj" />
    <Project Path="tests/FoodDiary.ArchitectureTests/FoodDiary.ArchitectureTests.csproj" />
    <Project Path="tests/FoodDiary.Domain.Primitives.Tests/FoodDiary.Domain.Primitives.Tests.csproj" />
    <Project Path="tests/FoodDiary.Domain.Tests/FoodDiary.Domain.Tests.csproj" />
    <Project Path="tests/FoodDiary.Development.Mcp.Tests/FoodDiary.Development.Mcp.Tests.csproj" />
    <Project Path="tests/FoodDiary.Infrastructure.IntegrationTests/FoodDiary.Infrastructure.IntegrationTests.csproj" />
    <Project Path="tests/FoodDiary.Infrastructure.Tests/FoodDiary.Infrastructure.Tests.csproj" />
    <Project Path="tests/FoodDiary.JobManager.Tests/FoodDiary.JobManager.Tests.csproj" />
    <Project Path="tests/FoodDiary.Mediator.Tests/FoodDiary.Mediator.Tests.csproj" />
    <Project Path="tests/FoodDiary.Presentation.Api.Tests/FoodDiary.Presentation.Api.Tests.csproj" />
    <Project Path="tests/FoodDiary.Resources.Tests/FoodDiary.Resources.Tests.csproj" />
    <Project Path="tests/FoodDiary.Results.Tests/FoodDiary.Results.Tests.csproj" />
    <Project Path="tests/FoodDiary.Telegram.Bot.Tests/FoodDiary.Telegram.Bot.Tests.csproj" />
    <Project Path="tests/FoodDiary.Testing/FoodDiary.Testing.csproj" />
    <Project Path="tests/FoodDiary.Web.Api.IntegrationTests/FoodDiary.Web.Api.IntegrationTests.csproj" />
    <Project Path="tests/FoodDiary.Web.Api.Tests/FoodDiary.Web.Api.Tests.csproj" />
  </Folder>
  <Folder Name="/Tests/MailInbox/">
    <Project Path="MailInbox/tests/FoodDiary.MailInbox.Application.Tests/FoodDiary.MailInbox.Application.Tests.csproj" />
    <Project Path="MailInbox/tests/FoodDiary.MailInbox.Client.Tests/FoodDiary.MailInbox.Client.Tests.csproj" />
    <Project Path="MailInbox/tests/FoodDiary.MailInbox.Domain.Tests/FoodDiary.MailInbox.Domain.Tests.csproj" />
    <Project Path="MailInbox/tests/FoodDiary.MailInbox.Infrastructure.Tests/FoodDiary.MailInbox.Infrastructure.Tests.csproj" />
    <Project Path="MailInbox/tests/FoodDiary.MailInbox.Initializer.Tests/FoodDiary.MailInbox.Initializer.Tests.csproj" />
    <Project Path="MailInbox/tests/FoodDiary.MailInbox.IntegrationTests/FoodDiary.MailInbox.IntegrationTests.csproj" />
    <Project Path="MailInbox/tests/FoodDiary.MailInbox.Presentation.Tests/FoodDiary.MailInbox.Presentation.Tests.csproj" />
  </Folder>
  <Folder Name="/Tests/MailRelay/">
    <Project Path="MailRelay/tests/FoodDiary.MailRelay.Application.Tests/FoodDiary.MailRelay.Application.Tests.csproj" />
    <Project Path="MailRelay/tests/FoodDiary.MailRelay.Client.Tests/FoodDiary.MailRelay.Client.Tests.csproj" />
    <Project Path="MailRelay/tests/FoodDiary.MailRelay.Domain.Tests/FoodDiary.MailRelay.Domain.Tests.csproj" />
    <Project Path="MailRelay/tests/FoodDiary.MailRelay.Infrastructure.Tests/FoodDiary.MailRelay.Infrastructure.Tests.csproj" />
    <Project Path="MailRelay/tests/FoodDiary.MailRelay.Initializer.Tests/FoodDiary.MailRelay.Initializer.Tests.csproj" />
    <Project Path="MailRelay/tests/FoodDiary.MailRelay.IntegrationTests/FoodDiary.MailRelay.IntegrationTests.csproj" />
    <Project Path="MailRelay/tests/FoodDiary.MailRelay.Presentation.Tests/FoodDiary.MailRelay.Presentation.Tests.csproj" />
  </Folder>
  <Folder Name="/Modules/MealPlanning/">
    <Project Path="Modules/MealPlanning/Application/FoodDiary.Application.MealPlanning.csproj" />
    <Project Path="Modules/MealPlanning/Application/Abstractions/FoodDiary.Modules.MealPlanning.Application.Abstractions.csproj" />
    <Project Path="Modules/MealPlanning/Domain/FoodDiary.Modules.MealPlanning.Domain.csproj" />
    <Project Path="Modules/MealPlanning/Infrastructure/FoodDiary.Modules.MealPlanning.Infrastructure.csproj" />
    <Project Path="Modules/MealPlanning/Infrastructure/Model/FoodDiary.Modules.MealPlanning.PersistenceModel.csproj" />
  </Folder>
  <Folder Name="/Modules/MealPlanning/tests/">
    <Project Path="Modules/MealPlanning/tests/FoodDiary.Modules.MealPlanning.Application.Tests/FoodDiary.Modules.MealPlanning.Application.Tests.csproj" />
    <Project Path="Modules/MealPlanning/tests/FoodDiary.Modules.MealPlanning.Domain.Tests/FoodDiary.Modules.MealPlanning.Domain.Tests.csproj" />
    <Project Path="Modules/MealPlanning/tests/FoodDiary.Modules.MealPlanning.Infrastructure.IntegrationTests/FoodDiary.Modules.MealPlanning.Infrastructure.IntegrationTests.csproj" />
  </Folder>
  <Folder Name="/Modules/RecipeCommunity/">
    <Project Path="Modules/RecipeCommunity/Application/FoodDiary.Application.RecipeCommunity.csproj" />
    <Project Path="Modules/RecipeCommunity/Application/Abstractions/FoodDiary.Modules.RecipeCommunity.Application.Abstractions.csproj" />
    <Project Path="Modules/RecipeCommunity/Domain/FoodDiary.Modules.RecipeCommunity.Domain.csproj" />
    <Project Path="Modules/RecipeCommunity/Infrastructure/FoodDiary.Modules.RecipeCommunity.Infrastructure.csproj" />
    <Project Path="Modules/RecipeCommunity/Infrastructure/Model/FoodDiary.Modules.RecipeCommunity.PersistenceModel.csproj" />
  </Folder>
  <Folder Name="/Modules/RecipeCommunity/tests/">
    <Project Path="Modules/RecipeCommunity/tests/FoodDiary.Modules.RecipeCommunity.Application.Tests/FoodDiary.Modules.RecipeCommunity.Application.Tests.csproj" />
    <Project Path="Modules/RecipeCommunity/tests/FoodDiary.Modules.RecipeCommunity.Domain.Tests/FoodDiary.Modules.RecipeCommunity.Domain.Tests.csproj" />
  </Folder>
</Solution>
